
Microsoft Visual Studio Solution File, Format Version 12.00
# Visual Studio Version 16
VisualStudioVersion = 16.0.31112.23
MinimumVisualStudioVersion = 10.0.40219.1
Project("{FAE04EC0-301F-11D3-BF4B-00C04F79EFBC}") = "DVDScreensaver", "DVDScreensaver\DVDScreensaver.csproj", "{4A656D4C-731F-478D-ACBC-D5A42C559915}"
EndProject
Global
	GlobalSection(SolutionConfigurationPlatforms) = preSolution
		Debug|Any CPU = Debug|Any CPU
		Release|Any CPU = Release|Any CPU
	EndGlobalSection
	GlobalSection(ProjectConfigurationPlatforms) = postSolution
		{4A656D4C-731F-478D-ACBC-D5A42C559915}.Debug|Any CPU.ActiveCfg = Debug|Any CPU
		{4A656D4C-731F-478D-ACBC-D5A42C559915}.Debug|Any CPU.Build.0 = Debug|Any CPU
		{4A656D4C-731F-478D-ACBC-D5A42C559915}.Release|Any CPU.ActiveCfg = Release|Any CPU
		{4A656D4C-731F-478D-ACBC-D5A42C559915}.Release|Any CPU.Build.0 = Release|Any CPU
	EndGlobalSection
	GlobalSection(SolutionProperties) = preSolution
		HideSolutionNode = FALSE
	EndGlobalSection
	GlobalSection(ExtensibilityGlobals) = postSolution
		SolutionGuid = {0B775BE2-1A63-4DF2-A8F1-14DB420CEA6F}
	EndGlobalSection
EndGlobal
